
Microsoft Visual Studio Solution File, Format Version 12.00
# Blend for Visual Studio 15
VisualStudioVersion = 15.0.28307.329
MinimumVisualStudioVersion = 10.0.40219.1
Project("{F184B08F-C81C-45F6-A57F-5ABD9991F28F}") = "App4", "App4\App4.vbproj", "{F0231173-4AD8-4803-B3EF-087E4F56A3C2}"
EndProject
Global
	GlobalSection(SolutionConfigurationPlatforms) = preSolution
		Debug|ARM = Debug|ARM
		Debug|ARM64 = Debug|ARM64
		Debug|x64 = Debug|x64
		Debug|x86 = Debug|x86
		Release|ARM = Release|ARM
		Release|ARM64 = Release|ARM64
		Release|x64 = Release|x64
		Release|x86 = Release|x86
	EndGlobalSection
	GlobalSection(ProjectConfigurationPlatforms) = postSolution
		{F0231173-4AD8-4803-B3EF-087E4F56A3C2}.Debug|ARM.ActiveCfg = Debug|ARM
		{F0231173-4AD8-4803-B3EF-087E4F56A3C2}.Debug|ARM.Build.0 = Debug|ARM
		{F0231173-4AD8-4803-B3EF-087E4F56A3C2}.Debug|ARM.Deploy.0 = Debug|ARM
		{F0231173-4AD8-4803-B3EF-087E4F56A3C2}.Debug|ARM64.ActiveCfg = Debug|ARM64
		{F0231173-4AD8-4803-B3EF-087E4F56A3C2}.Debug|ARM64.Build.0 = Debug|ARM64
		{F0231173-4AD8-4803-B3EF-087E4F56A3C2}.Debug|ARM64.Deploy.0 = Debug|ARM64
		{F0231173-4AD8-4803-B3EF-087E4F56A3C2}.Debug|x64.ActiveCfg = Debug|x64
		{F0231173-4AD8-4803-B3EF-087E4F56A3C2}.Debug|x64.Build.0 = Debug|x64
		{F0231173-4AD8-4803-B3EF-087E4F56A3C2}.Debug|x64.Deploy.0 = Debug|x64
		{F0231173-4AD8-4803-B3EF-087E4F56A3C2}.Debug|x86.ActiveCfg = Debug|x86
		{F0231173-4AD8-4803-B3EF-087E4F56A3C2}.Debug|x86.Build.0 = Debug|x86
		{F0231173-4AD8-4803-B3EF-087E4F56A3C2}.Debug|x86.Deploy.0 = Debug|x86
		{F0231173-4AD8-4803-B3EF-087E4F56A3C2}.Release|ARM.ActiveCfg = Release|ARM
		{F0231173-4AD8-4803-B3EF-087E4F56A3C2}.Release|ARM.Build.0 = Release|ARM
		{F0231173-4AD8-4803-B3EF-087E4F56A3C2}.Release|ARM.Deploy.0 = Release|ARM
		{F0231173-4AD8-4803-B3EF-087E4F56A3C2}.Release|ARM64.ActiveCfg = Release|ARM64
		{F0231173-4AD8-4803-B3EF-087E4F56A3C2}.Release|ARM64.Build.0 = Release|ARM64
		{F0231173-4AD8-4803-B3EF-087E4F56A3C2}.Release|ARM64.Deploy.0 = Release|ARM64
		{F0231173-4AD8-4803-B3EF-087E4F56A3C2}.Release|x64.ActiveCfg = Release|x64
		{F0231173-4AD8-4803-B3EF-087E4F56A3C2}.Release|x64.Build.0 = Release|x64
		{F0231173-4AD8-4803-B3EF-087E4F56A3C2}.Release|x64.Deploy.0 = Release|x64
		{F0231173-4AD8-4803-B3EF-087E4F56A3C2}.Release|x86.ActiveCfg = Release|x86
		{F0231173-4AD8-4803-B3EF-087E4F56A3C2}.Release|x86.Build.0 = Release|x86
		{F0231173-4AD8-4803-B3EF-087E4F56A3C2}.Release|x86.Deploy.0 = Release|x86
	EndGlobalSection
	GlobalSection(SolutionProperties) = preSolution
		HideSolutionNode = FALSE
	EndGlobalSection
	GlobalSection(ExtensibilityGlobals) = postSolution
		SolutionGuid = {34DC2F1E-4DBA-410F-A0E5-C573BC88027E}
	EndGlobalSection
EndGlobal
